
Microsoft Visual Studio Solution File, Format Version 11.00
# Visual Studio 2010
Project("{FAE04EC0-301F-11D3-BF4B-00C04F79EFBC}") = "Halo Timer", "Halo Timer\Halo Timer.csproj", "{18152EDF-D00F-4D46-9113-353D1C9C1157}"
EndProject
Global
	GlobalSection(SolutionConfigurationPlatforms) = preSolution
		Debug|Any CPU = Debug|Any CPU
		Release|Any CPU = Release|Any CPU
	EndGlobalSection
	GlobalSection(ProjectConfigurationPlatforms) = postSolution
		{18152EDF-D00F-4D46-9113-353D1C9C1157}.Debug|Any CPU.ActiveCfg = Debug|Any CPU
		{18152EDF-D00F-4D46-9113-353D1C9C1157}.Debug|Any CPU.Build.0 = Debug|Any CPU
		{18152EDF-D00F-4D46-9113-353D1C9C1157}.Debug|Any CPU.Deploy.0 = Debug|Any CPU
		{18152EDF-D00F-4D46-9113-353D1C9C1157}.Release|Any CPU.ActiveCfg = Release|Any CPU
		{18152EDF-D00F-4D46-9113-353D1C9C1157}.Release|Any CPU.Build.0 = Release|Any CPU
		{18152EDF-D00F-4D46-9113-353D1C9C1157}.Release|Any CPU.Deploy.0 = Release|Any CPU
	EndGlobalSection
	GlobalSection(SolutionProperties) = preSolution
		HideSolutionNode = FALSE
	EndGlobalSection
EndGlobal
